
Microsoft Visual Studio Solution File, Format Version 12.00
# Visual Studio Version 16
VisualStudioVersion = 16.0.31424.327
MinimumVisualStudioVersion = 10.0.40219.1
Project("{FAE04EC0-301F-11D3-BF4B-00C04F79EFBC}") = "Interface", "Interface\Interface.csproj", "{571CB0CD-6C48-4DEE-BFED-90479CDBEFF6}"
EndProject
Project("{FAE04EC0-301F-11D3-BF4B-00C04F79EFBC}") = "Common", "Common\Common.csproj", "{43B82674-EB87-4B12-9373-075B1D036E30}"
EndProject
Project("{FAE04EC0-301F-11D3-BF4B-00C04F79EFBC}") = "Domain", "Domain\Domain.csproj", "{74D73F82-7143-44E9-AB91-E85DE0704C76}"
EndProject
Project("{FAE04EC0-301F-11D3-BF4B-00C04F79EFBC}") = "Infrastructure", "Infrastructure\Infrastructure.csproj", "{DEE1786D-C477-47DD-82C6-043916ADDCA4}"
EndProject
Project("{FAE04EC0-301F-11D3-BF4B-00C04F79EFBC}") = "Service", "Service\Service.csproj", "{0481A135-78EC-4B8D-BD57-41AC2931915F}"
EndProject
Global
	GlobalSection(SolutionConfigurationPlatforms) = preSolution
		Debug|Any CPU = Debug|Any CPU
		Release|Any CPU = Release|Any CPU
	EndGlobalSection
	GlobalSection(ProjectConfigurationPlatforms) = postSolution
		{571CB0CD-6C48-4DEE-BFED-90479CDBEFF6}.Debug|Any CPU.ActiveCfg = Debug|Any CPU
		{571CB0CD-6C48-4DEE-BFED-90479CDBEFF6}.Debug|Any CPU.Build.0 = Debug|Any CPU
		{571CB0CD-6C48-4DEE-BFED-90479CDBEFF6}.Release|Any CPU.ActiveCfg = Release|Any CPU
		{571CB0CD-6C48-4DEE-BFED-90479CDBEFF6}.Release|Any CPU.Build.0 = Release|Any CPU
		{43B82674-EB87-4B12-9373-075B1D036E30}.Debug|Any CPU.ActiveCfg = Debug|Any CPU
		{43B82674-EB87-4B12-9373-075B1D036E30}.Debug|Any CPU.Build.0 = Debug|Any CPU
		{43B82674-EB87-4B12-9373-075B1D036E30}.Release|Any CPU.ActiveCfg = Release|Any CPU
		{43B82674-EB87-4B12-9373-075B1D036E30}.Release|Any CPU.Build.0 = Release|Any CPU
		{74D73F82-7143-44E9-AB91-E85DE0704C76}.Debug|Any CPU.ActiveCfg = Debug|Any CPU
		{74D73F82-7143-44E9-AB91-E85DE0704C76}.Debug|Any CPU.Build.0 = Debug|Any CPU
		{74D73F82-7143-44E9-AB91-E85DE0704C76}.Release|Any CPU.ActiveCfg = Release|Any CPU
		{74D73F82-7143-44E9-AB91-E85DE0704C76}.Release|Any CPU.Build.0 = Release|Any CPU
		{DEE1786D-C477-47DD-82C6-043916ADDCA4}.Debug|Any CPU.ActiveCfg = Debug|Any CPU
		{DEE1786D-C477-47DD-82C6-043916ADDCA4}.Debug|Any CPU.Build.0 = Debug|Any CPU
		{DEE1786D-C477-47DD-82C6-043916ADDCA4}.Release|Any CPU.ActiveCfg = Release|Any CPU
		{DEE1786D-C477-47DD-82C6-043916ADDCA4}.Release|Any CPU.Build.0 = Release|Any CPU
		{0481A135-78EC-4B8D-BD57-41AC2931915F}.Debug|Any CPU.ActiveCfg = Debug|Any CPU
		{0481A135-78EC-4B8D-BD57-41AC2931915F}.Debug|Any CPU.Build.0 = Debug|Any CPU
		{0481A135-78EC-4B8D-BD57-41AC2931915F}.Release|Any CPU.ActiveCfg = Release|Any CPU
		{0481A135-78EC-4B8D-BD57-41AC2931915F}.Release|Any CPU.Build.0 = Release|Any CPU
	EndGlobalSection
	GlobalSection(SolutionProperties) = preSolution
		HideSolutionNode = FALSE
	EndGlobalSection
	GlobalSection(ExtensibilityGlobals) = postSolution
		SolutionGuid = {F7A0C5E0-48B9-4FCA-A72B-72600B6ABB22}
	EndGlobalSection
EndGlobal
