
Microsoft Visual Studio Solution File, Format Version 12.00
# Visual Studio Version 16
VisualStudioVersion = 16.0.31410.357
MinimumVisualStudioVersion = 10.0.40219.1
Project("{FAE04EC0-301F-11D3-BF4B-00C04F79EFBC}") = "Aula02", "Aula02\Aula02.csproj", "{68212F62-C0F2-4AD0-BC49-530896F5C5E4}"
EndProject
Global
	GlobalSection(SolutionConfigurationPlatforms) = preSolution
		Debug|Any CPU = Debug|Any CPU
		Release|Any CPU = Release|Any CPU
	EndGlobalSection
	GlobalSection(ProjectConfigurationPlatforms) = postSolution
		{68212F62-C0F2-4AD0-BC49-530896F5C5E4}.Debug|Any CPU.ActiveCfg = Debug|Any CPU
		{68212F62-C0F2-4AD0-BC49-530896F5C5E4}.Debug|Any CPU.Build.0 = Debug|Any CPU
		{68212F62-C0F2-4AD0-BC49-530896F5C5E4}.Release|Any CPU.ActiveCfg = Release|Any CPU
		{68212F62-C0F2-4AD0-BC49-530896F5C5E4}.Release|Any CPU.Build.0 = Release|Any CPU
	EndGlobalSection
	GlobalSection(SolutionProperties) = preSolution
		HideSolutionNode = FALSE
	EndGlobalSection
	GlobalSection(ExtensibilityGlobals) = postSolution
		SolutionGuid = {B8C28043-9762-4752-AEBC-60BBEE2033BB}
	EndGlobalSection
EndGlobal
