
Microsoft Visual Studio Solution File, Format Version 12.00
# Visual Studio Version 16
VisualStudioVersion = 16.0.31410.357
MinimumVisualStudioVersion = 10.0.40219.1
Project("{FAE04EC0-301F-11D3-BF4B-00C04F79EFBC}") = "Exercicios_OOP", "Exercicios_OOP\Exercicios_OOP.csproj", "{6097D76B-25FC-4F7B-A4F8-2C174146AAF7}"
EndProject
Project("{FAE04EC0-301F-11D3-BF4B-00C04F79EFBC}") = "Classes", "Classes\Classes.csproj", "{BF936503-7D1C-4FAD-8DE4-543A24F5D2C8}"
EndProject
Global
	GlobalSection(SolutionConfigurationPlatforms) = preSolution
		Debug|Any CPU = Debug|Any CPU
		Release|Any CPU = Release|Any CPU
	EndGlobalSection
	GlobalSection(ProjectConfigurationPlatforms) = postSolution
		{6097D76B-25FC-4F7B-A4F8-2C174146AAF7}.Debug|Any CPU.ActiveCfg = Debug|Any CPU
		{6097D76B-25FC-4F7B-A4F8-2C174146AAF7}.Debug|Any CPU.Build.0 = Debug|Any CPU
		{6097D76B-25FC-4F7B-A4F8-2C174146AAF7}.Release|Any CPU.ActiveCfg = Release|Any CPU
		{6097D76B-25FC-4F7B-A4F8-2C174146AAF7}.Release|Any CPU.Build.0 = Release|Any CPU
		{BF936503-7D1C-4FAD-8DE4-543A24F5D2C8}.Debug|Any CPU.ActiveCfg = Debug|Any CPU
		{BF936503-7D1C-4FAD-8DE4-543A24F5D2C8}.Debug|Any CPU.Build.0 = Debug|Any CPU
		{BF936503-7D1C-4FAD-8DE4-543A24F5D2C8}.Release|Any CPU.ActiveCfg = Release|Any CPU
		{BF936503-7D1C-4FAD-8DE4-543A24F5D2C8}.Release|Any CPU.Build.0 = Release|Any CPU
	EndGlobalSection
	GlobalSection(SolutionProperties) = preSolution
		HideSolutionNode = FALSE
	EndGlobalSection
	GlobalSection(ExtensibilityGlobals) = postSolution
		SolutionGuid = {20152213-6259-4CC5-B20D-9CFAEF7BB0AA}
	EndGlobalSection
EndGlobal
