
Microsoft Visual Studio Solution File, Format Version 12.00
# Visual Studio Version 16
VisualStudioVersion = 16.0.31410.357
MinimumVisualStudioVersion = 10.0.40219.1
Project("{FAE04EC0-301F-11D3-BF4B-00C04F79EFBC}") = "Exe002", "Exe002\Exe002.csproj", "{12CF8D3F-55B2-4A4A-8D11-62CDB63522C0}"
EndProject
Global
	GlobalSection(SolutionConfigurationPlatforms) = preSolution
		Debug|Any CPU = Debug|Any CPU
		Release|Any CPU = Release|Any CPU
	EndGlobalSection
	GlobalSection(ProjectConfigurationPlatforms) = postSolution
		{12CF8D3F-55B2-4A4A-8D11-62CDB63522C0}.Debug|Any CPU.ActiveCfg = Debug|Any CPU
		{12CF8D3F-55B2-4A4A-8D11-62CDB63522C0}.Debug|Any CPU.Build.0 = Debug|Any CPU
		{12CF8D3F-55B2-4A4A-8D11-62CDB63522C0}.Release|Any CPU.ActiveCfg = Release|Any CPU
		{12CF8D3F-55B2-4A4A-8D11-62CDB63522C0}.Release|Any CPU.Build.0 = Release|Any CPU
	EndGlobalSection
	GlobalSection(SolutionProperties) = preSolution
		HideSolutionNode = FALSE
	EndGlobalSection
	GlobalSection(ExtensibilityGlobals) = postSolution
		SolutionGuid = {7A48271F-744F-4631-ADB9-414128016FFC}
	EndGlobalSection
EndGlobal
