
Microsoft Visual Studio Solution File, Format Version 12.00
# Visual Studio Version 16
VisualStudioVersion = 16.0.31424.327
MinimumVisualStudioVersion = 10.0.40219.1
Project("{9A19103F-16F7-4668-BE54-9A1E7A4F7556}") = "Interface", "Loja\Interface.csproj", "{196A7FF1-1206-4A1C-B294-FC1F670FA68D}"
EndProject
Project("{9A19103F-16F7-4668-BE54-9A1E7A4F7556}") = "Domain", "Domain\Domain.csproj", "{7C89A00F-1A09-4F77-A4D1-737653C8FA1B}"
EndProject
Project("{9A19103F-16F7-4668-BE54-9A1E7A4F7556}") = "Service", "Service\Service.csproj", "{E084F851-9CE4-4ED4-B741-7454C6F2A504}"
EndProject
Project("{9A19103F-16F7-4668-BE54-9A1E7A4F7556}") = "Infrastructure", "Infrastructure\Infrastructure.csproj", "{4FABBCE1-D745-4E63-A742-B563573F2E87}"
EndProject
Project("{9A19103F-16F7-4668-BE54-9A1E7A4F7556}") = "Commom", "Commom\Commom.csproj", "{645000E2-9A91-487A-80D9-69E3562C15CF}"
EndProject
Project("{2150E333-8FDC-42A3-9474-1A3956D46DE8}") = "Solution Items", "Solution Items", "{D49662AA-47A6-4E70-816E-B4E7D7F7C485}"
	ProjectSection(SolutionItems) = preProject
		.editorconfig = .editorconfig
	EndProjectSection
EndProject
Global
	GlobalSection(SolutionConfigurationPlatforms) = preSolution
		Debug|Any CPU = Debug|Any CPU
		Release|Any CPU = Release|Any CPU
	EndGlobalSection
	GlobalSection(ProjectConfigurationPlatforms) = postSolution
		{196A7FF1-1206-4A1C-B294-FC1F670FA68D}.Debug|Any CPU.ActiveCfg = Debug|Any CPU
		{196A7FF1-1206-4A1C-B294-FC1F670FA68D}.Debug|Any CPU.Build.0 = Debug|Any CPU
		{196A7FF1-1206-4A1C-B294-FC1F670FA68D}.Release|Any CPU.ActiveCfg = Release|Any CPU
		{196A7FF1-1206-4A1C-B294-FC1F670FA68D}.Release|Any CPU.Build.0 = Release|Any CPU
		{7C89A00F-1A09-4F77-A4D1-737653C8FA1B}.Debug|Any CPU.ActiveCfg = Debug|Any CPU
		{7C89A00F-1A09-4F77-A4D1-737653C8FA1B}.Debug|Any CPU.Build.0 = Debug|Any CPU
		{7C89A00F-1A09-4F77-A4D1-737653C8FA1B}.Release|Any CPU.ActiveCfg = Release|Any CPU
		{7C89A00F-1A09-4F77-A4D1-737653C8FA1B}.Release|Any CPU.Build.0 = Release|Any CPU
		{E084F851-9CE4-4ED4-B741-7454C6F2A504}.Debug|Any CPU.ActiveCfg = Debug|Any CPU
		{E084F851-9CE4-4ED4-B741-7454C6F2A504}.Debug|Any CPU.Build.0 = Debug|Any CPU
		{E084F851-9CE4-4ED4-B741-7454C6F2A504}.Release|Any CPU.ActiveCfg = Release|Any CPU
		{E084F851-9CE4-4ED4-B741-7454C6F2A504}.Release|Any CPU.Build.0 = Release|Any CPU
		{4FABBCE1-D745-4E63-A742-B563573F2E87}.Debug|Any CPU.ActiveCfg = Debug|Any CPU
		{4FABBCE1-D745-4E63-A742-B563573F2E87}.Debug|Any CPU.Build.0 = Debug|Any CPU
		{4FABBCE1-D745-4E63-A742-B563573F2E87}.Release|Any CPU.ActiveCfg = Release|Any CPU
		{4FABBCE1-D745-4E63-A742-B563573F2E87}.Release|Any CPU.Build.0 = Release|Any CPU
		{645000E2-9A91-487A-80D9-69E3562C15CF}.Debug|Any CPU.ActiveCfg = Debug|Any CPU
		{645000E2-9A91-487A-80D9-69E3562C15CF}.Debug|Any CPU.Build.0 = Debug|Any CPU
		{645000E2-9A91-487A-80D9-69E3562C15CF}.Release|Any CPU.ActiveCfg = Release|Any CPU
		{645000E2-9A91-487A-80D9-69E3562C15CF}.Release|Any CPU.Build.0 = Release|Any CPU
	EndGlobalSection
	GlobalSection(SolutionProperties) = preSolution
		HideSolutionNode = FALSE
	EndGlobalSection
	GlobalSection(ExtensibilityGlobals) = postSolution
		SolutionGuid = {BB95CAB4-8DA6-40B5-9AE2-B3217B3D580D}
	EndGlobalSection
EndGlobal
