
Microsoft Visual Studio Solution File, Format Version 12.00
# Visual Studio Version 16
VisualStudioVersion = 16.0.31410.357
MinimumVisualStudioVersion = 10.0.40219.1
Project("{FAE04EC0-301F-11D3-BF4B-00C04F79EFBC}") = "ex5", "ex5\ex5.csproj", "{88ADDE46-4925-4586-BCE6-43CB9194FD20}"
EndProject
Global
	GlobalSection(SolutionConfigurationPlatforms) = preSolution
		Debug|Any CPU = Debug|Any CPU
		Release|Any CPU = Release|Any CPU
	EndGlobalSection
	GlobalSection(ProjectConfigurationPlatforms) = postSolution
		{88ADDE46-4925-4586-BCE6-43CB9194FD20}.Debug|Any CPU.ActiveCfg = Debug|Any CPU
		{88ADDE46-4925-4586-BCE6-43CB9194FD20}.Debug|Any CPU.Build.0 = Debug|Any CPU
		{88ADDE46-4925-4586-BCE6-43CB9194FD20}.Release|Any CPU.ActiveCfg = Release|Any CPU
		{88ADDE46-4925-4586-BCE6-43CB9194FD20}.Release|Any CPU.Build.0 = Release|Any CPU
	EndGlobalSection
	GlobalSection(SolutionProperties) = preSolution
		HideSolutionNode = FALSE
	EndGlobalSection
	GlobalSection(ExtensibilityGlobals) = postSolution
		SolutionGuid = {B7B228CC-2FAC-40E3-B233-55C83108E3D1}
	EndGlobalSection
EndGlobal
