
Microsoft Visual Studio Solution File, Format Version 12.00
# Visual Studio Version 16
VisualStudioVersion = 16.0.31321.278
MinimumVisualStudioVersion = 10.0.40219.1
Project("{FAE04EC0-301F-11D3-BF4B-00C04F79EFBC}") = "Exercicio_1", "Exercicio_1\Exercicio_1.csproj", "{551A99FA-7BA9-4AB1-B478-506CFE6092EA}"
EndProject
Global
	GlobalSection(SolutionConfigurationPlatforms) = preSolution
		Debug|Any CPU = Debug|Any CPU
		Release|Any CPU = Release|Any CPU
	EndGlobalSection
	GlobalSection(ProjectConfigurationPlatforms) = postSolution
		{551A99FA-7BA9-4AB1-B478-506CFE6092EA}.Debug|Any CPU.ActiveCfg = Debug|Any CPU
		{551A99FA-7BA9-4AB1-B478-506CFE6092EA}.Debug|Any CPU.Build.0 = Debug|Any CPU
		{551A99FA-7BA9-4AB1-B478-506CFE6092EA}.Release|Any CPU.ActiveCfg = Release|Any CPU
		{551A99FA-7BA9-4AB1-B478-506CFE6092EA}.Release|Any CPU.Build.0 = Release|Any CPU
	EndGlobalSection
	GlobalSection(SolutionProperties) = preSolution
		HideSolutionNode = FALSE
	EndGlobalSection
	GlobalSection(ExtensibilityGlobals) = postSolution
		SolutionGuid = {C396065C-C74C-4805-88DB-6D271A30E87C}
	EndGlobalSection
EndGlobal
