
Microsoft Visual Studio Solution File, Format Version 12.00
# Visual Studio Version 16
VisualStudioVersion = 16.0.31410.357
MinimumVisualStudioVersion = 10.0.40219.1
Project("{FAE04EC0-301F-11D3-BF4B-00C04F79EFBC}") = "Exercicios_3_OOP", "Exercicios_3_OOP\Exercicios_3_OOP.csproj", "{ACB2F3CC-0771-408F-9BE4-608F89A164A9}"
EndProject
Project("{FAE04EC0-301F-11D3-BF4B-00C04F79EFBC}") = "Calendario", "Calendario\Calendario.csproj", "{9B64EB6C-904A-4333-AA5C-A5D151BF0363}"
EndProject
Global
	GlobalSection(SolutionConfigurationPlatforms) = preSolution
		Debug|Any CPU = Debug|Any CPU
		Release|Any CPU = Release|Any CPU
	EndGlobalSection
	GlobalSection(ProjectConfigurationPlatforms) = postSolution
		{ACB2F3CC-0771-408F-9BE4-608F89A164A9}.Debug|Any CPU.ActiveCfg = Debug|Any CPU
		{ACB2F3CC-0771-408F-9BE4-608F89A164A9}.Debug|Any CPU.Build.0 = Debug|Any CPU
		{ACB2F3CC-0771-408F-9BE4-608F89A164A9}.Release|Any CPU.ActiveCfg = Release|Any CPU
		{ACB2F3CC-0771-408F-9BE4-608F89A164A9}.Release|Any CPU.Build.0 = Release|Any CPU
		{9B64EB6C-904A-4333-AA5C-A5D151BF0363}.Debug|Any CPU.ActiveCfg = Debug|Any CPU
		{9B64EB6C-904A-4333-AA5C-A5D151BF0363}.Debug|Any CPU.Build.0 = Debug|Any CPU
		{9B64EB6C-904A-4333-AA5C-A5D151BF0363}.Release|Any CPU.ActiveCfg = Release|Any CPU
		{9B64EB6C-904A-4333-AA5C-A5D151BF0363}.Release|Any CPU.Build.0 = Release|Any CPU
	EndGlobalSection
	GlobalSection(SolutionProperties) = preSolution
		HideSolutionNode = FALSE
	EndGlobalSection
	GlobalSection(ExtensibilityGlobals) = postSolution
		SolutionGuid = {01727570-1E74-4E6C-912B-EF7537FF62AE}
	EndGlobalSection
EndGlobal
