
Microsoft Visual Studio Solution File, Format Version 12.00
# Visual Studio Version 16
VisualStudioVersion = 16.0.31410.357
MinimumVisualStudioVersion = 10.0.40219.1
Project("{9A19103F-16F7-4668-BE54-9A1E7A4F7556}") = "Aula1", "Aula1.csproj", "{9439BA06-8A08-4888-9F91-06071622A37B}"
EndProject
Project("{9A19103F-16F7-4668-BE54-9A1E7A4F7556}") = "Application", "..\Application\Application.csproj", "{9C0144D4-C655-46DD-9C73-BB10F475B351}"
EndProject
Project("{9A19103F-16F7-4668-BE54-9A1E7A4F7556}") = "Aula2", "..\ClassesObjetos\Aula2.csproj", "{F5BA86BB-CBD0-412D-8FF5-4C34BF0823E0}"
EndProject
Project("{2150E333-8FDC-42A3-9474-1A3956D46DE8}") = "Exercicios", "Exercicios", "{5E452F91-0679-41BC-B016-EE396FF4FA9C}"
EndProject
Project("{9A19103F-16F7-4668-BE54-9A1E7A4F7556}") = "Aula3", "..\Aula3\Aula3.csproj", "{8E8CDC85-4B6D-4F7F-9E86-E6CEE478328D}"
EndProject
Project("{9A19103F-16F7-4668-BE54-9A1E7A4F7556}") = "Aula4", "..\Aula4\Aula4.csproj", "{272FCC22-C305-4111-9DDA-413B80897BB8}"
EndProject
Project("{FAE04EC0-301F-11D3-BF4B-00C04F79EFBC}") = "Aula5", "..\Aula5\Aula5.csproj", "{87A35B28-9FEA-4C18-907F-227B28E4E6F1}"
EndProject
Project("{FAE04EC0-301F-11D3-BF4B-00C04F79EFBC}") = "Aula6", "..\Aula6\Aula6.csproj", "{D9835DA4-4CBC-480C-B442-DA1C87637DB4}"
EndProject
Global
	GlobalSection(SolutionConfigurationPlatforms) = preSolution
		Debug|Any CPU = Debug|Any CPU
		Release|Any CPU = Release|Any CPU
	EndGlobalSection
	GlobalSection(ProjectConfigurationPlatforms) = postSolution
		{9439BA06-8A08-4888-9F91-06071622A37B}.Debug|Any CPU.ActiveCfg = Debug|Any CPU
		{9439BA06-8A08-4888-9F91-06071622A37B}.Debug|Any CPU.Build.0 = Debug|Any CPU
		{9439BA06-8A08-4888-9F91-06071622A37B}.Release|Any CPU.ActiveCfg = Release|Any CPU
		{9439BA06-8A08-4888-9F91-06071622A37B}.Release|Any CPU.Build.0 = Release|Any CPU
		{9C0144D4-C655-46DD-9C73-BB10F475B351}.Debug|Any CPU.ActiveCfg = Debug|Any CPU
		{9C0144D4-C655-46DD-9C73-BB10F475B351}.Debug|Any CPU.Build.0 = Debug|Any CPU
		{9C0144D4-C655-46DD-9C73-BB10F475B351}.Release|Any CPU.ActiveCfg = Release|Any CPU
		{9C0144D4-C655-46DD-9C73-BB10F475B351}.Release|Any CPU.Build.0 = Release|Any CPU
		{F5BA86BB-CBD0-412D-8FF5-4C34BF0823E0}.Debug|Any CPU.ActiveCfg = Debug|Any CPU
		{F5BA86BB-CBD0-412D-8FF5-4C34BF0823E0}.Debug|Any CPU.Build.0 = Debug|Any CPU
		{F5BA86BB-CBD0-412D-8FF5-4C34BF0823E0}.Release|Any CPU.ActiveCfg = Release|Any CPU
		{F5BA86BB-CBD0-412D-8FF5-4C34BF0823E0}.Release|Any CPU.Build.0 = Release|Any CPU
		{8E8CDC85-4B6D-4F7F-9E86-E6CEE478328D}.Debug|Any CPU.ActiveCfg = Debug|Any CPU
		{8E8CDC85-4B6D-4F7F-9E86-E6CEE478328D}.Debug|Any CPU.Build.0 = Debug|Any CPU
		{8E8CDC85-4B6D-4F7F-9E86-E6CEE478328D}.Release|Any CPU.ActiveCfg = Release|Any CPU
		{8E8CDC85-4B6D-4F7F-9E86-E6CEE478328D}.Release|Any CPU.Build.0 = Release|Any CPU
		{272FCC22-C305-4111-9DDA-413B80897BB8}.Debug|Any CPU.ActiveCfg = Debug|Any CPU
		{272FCC22-C305-4111-9DDA-413B80897BB8}.Debug|Any CPU.Build.0 = Debug|Any CPU
		{272FCC22-C305-4111-9DDA-413B80897BB8}.Release|Any CPU.ActiveCfg = Release|Any CPU
		{272FCC22-C305-4111-9DDA-413B80897BB8}.Release|Any CPU.Build.0 = Release|Any CPU
		{87A35B28-9FEA-4C18-907F-227B28E4E6F1}.Debug|Any CPU.ActiveCfg = Debug|Any CPU
		{87A35B28-9FEA-4C18-907F-227B28E4E6F1}.Debug|Any CPU.Build.0 = Debug|Any CPU
		{87A35B28-9FEA-4C18-907F-227B28E4E6F1}.Release|Any CPU.ActiveCfg = Release|Any CPU
		{87A35B28-9FEA-4C18-907F-227B28E4E6F1}.Release|Any CPU.Build.0 = Release|Any CPU
		{D9835DA4-4CBC-480C-B442-DA1C87637DB4}.Debug|Any CPU.ActiveCfg = Debug|Any CPU
		{D9835DA4-4CBC-480C-B442-DA1C87637DB4}.Debug|Any CPU.Build.0 = Debug|Any CPU
		{D9835DA4-4CBC-480C-B442-DA1C87637DB4}.Release|Any CPU.ActiveCfg = Release|Any CPU
		{D9835DA4-4CBC-480C-B442-DA1C87637DB4}.Release|Any CPU.Build.0 = Release|Any CPU
	EndGlobalSection
	GlobalSection(SolutionProperties) = preSolution
		HideSolutionNode = FALSE
	EndGlobalSection
	GlobalSection(NestedProjects) = preSolution
		{9439BA06-8A08-4888-9F91-06071622A37B} = {5E452F91-0679-41BC-B016-EE396FF4FA9C}
		{9C0144D4-C655-46DD-9C73-BB10F475B351} = {5E452F91-0679-41BC-B016-EE396FF4FA9C}
		{F5BA86BB-CBD0-412D-8FF5-4C34BF0823E0} = {5E452F91-0679-41BC-B016-EE396FF4FA9C}
		{8E8CDC85-4B6D-4F7F-9E86-E6CEE478328D} = {5E452F91-0679-41BC-B016-EE396FF4FA9C}
		{272FCC22-C305-4111-9DDA-413B80897BB8} = {5E452F91-0679-41BC-B016-EE396FF4FA9C}
		{87A35B28-9FEA-4C18-907F-227B28E4E6F1} = {5E452F91-0679-41BC-B016-EE396FF4FA9C}
		{D9835DA4-4CBC-480C-B442-DA1C87637DB4} = {5E452F91-0679-41BC-B016-EE396FF4FA9C}
	EndGlobalSection
	GlobalSection(ExtensibilityGlobals) = postSolution
		SolutionGuid = {0AACF6C4-E6EE-46D2-87D4-9376944BE519}
	EndGlobalSection
EndGlobal
