
Microsoft Visual Studio Solution File, Format Version 12.00
# Visual Studio Version 16
VisualStudioVersion = 16.0.30225.117
MinimumVisualStudioVersion = 10.0.40219.1
Project("{9A19103F-16F7-4668-BE54-9A1E7A4F7556}") = "Application", "Application\Application.csproj", "{6FEB8C5B-971F-410E-BF97-62F62F8FA4B8}"
EndProject
Project("{9A19103F-16F7-4668-BE54-9A1E7A4F7556}") = "Aula1", "Aula1\Aula1.csproj", "{C5BC6237-B026-476C-A0C0-45E5A5F33C4E}"
EndProject
Project("{9A19103F-16F7-4668-BE54-9A1E7A4F7556}") = "Aula2", "Aula2\Aula2.csproj", "{8F1AD53A-F26A-4ACC-B503-EB1C26BA27B5}"
EndProject
Project("{9A19103F-16F7-4668-BE54-9A1E7A4F7556}") = "Aula3", "Aula3\Aula3.csproj", "{0253CF85-51AC-409C-B861-2B8839501B2F}"
EndProject
Project("{9A19103F-16F7-4668-BE54-9A1E7A4F7556}") = "Aula4", "Aula4\Aula4.csproj", "{F686FDB3-5C69-4751-B379-4D747BB412EA}"
EndProject
Project("{9A19103F-16F7-4668-BE54-9A1E7A4F7556}") = "Aula5", "Aula5\Aula5.csproj", "{75EE6953-A193-4502-BA45-4956090B151D}"
EndProject
Project("{9A19103F-16F7-4668-BE54-9A1E7A4F7556}") = "Aula6", "Aula6\Aula6.csproj", "{851C2C5C-D0D2-461D-9C7A-678D3808CE00}"
EndProject
Project("{9A19103F-16F7-4668-BE54-9A1E7A4F7556}") = "Aula7", "Aula7\Aula7.csproj", "{EBDF09F6-CCF7-4184-A906-E6FD2F319F67}"
EndProject
Project("{9A19103F-16F7-4668-BE54-9A1E7A4F7556}") = "Aula8", "Aula8\Aula8.csproj", "{D142C72F-2214-4FE3-B0AF-DE2679348E82}"
EndProject
Global
	GlobalSection(SolutionConfigurationPlatforms) = preSolution
		Debug|Any CPU = Debug|Any CPU
		Release|Any CPU = Release|Any CPU
	EndGlobalSection
	GlobalSection(ProjectConfigurationPlatforms) = postSolution
		{6FEB8C5B-971F-410E-BF97-62F62F8FA4B8}.Debug|Any CPU.ActiveCfg = Debug|Any CPU
		{6FEB8C5B-971F-410E-BF97-62F62F8FA4B8}.Debug|Any CPU.Build.0 = Debug|Any CPU
		{6FEB8C5B-971F-410E-BF97-62F62F8FA4B8}.Release|Any CPU.ActiveCfg = Release|Any CPU
		{6FEB8C5B-971F-410E-BF97-62F62F8FA4B8}.Release|Any CPU.Build.0 = Release|Any CPU
		{C5BC6237-B026-476C-A0C0-45E5A5F33C4E}.Debug|Any CPU.ActiveCfg = Debug|Any CPU
		{C5BC6237-B026-476C-A0C0-45E5A5F33C4E}.Debug|Any CPU.Build.0 = Debug|Any CPU
		{C5BC6237-B026-476C-A0C0-45E5A5F33C4E}.Release|Any CPU.ActiveCfg = Release|Any CPU
		{C5BC6237-B026-476C-A0C0-45E5A5F33C4E}.Release|Any CPU.Build.0 = Release|Any CPU
		{8F1AD53A-F26A-4ACC-B503-EB1C26BA27B5}.Debug|Any CPU.ActiveCfg = Debug|Any CPU
		{8F1AD53A-F26A-4ACC-B503-EB1C26BA27B5}.Debug|Any CPU.Build.0 = Debug|Any CPU
		{8F1AD53A-F26A-4ACC-B503-EB1C26BA27B5}.Release|Any CPU.ActiveCfg = Release|Any CPU
		{8F1AD53A-F26A-4ACC-B503-EB1C26BA27B5}.Release|Any CPU.Build.0 = Release|Any CPU
		{0253CF85-51AC-409C-B861-2B8839501B2F}.Debug|Any CPU.ActiveCfg = Debug|Any CPU
		{0253CF85-51AC-409C-B861-2B8839501B2F}.Debug|Any CPU.Build.0 = Debug|Any CPU
		{0253CF85-51AC-409C-B861-2B8839501B2F}.Release|Any CPU.ActiveCfg = Release|Any CPU
		{0253CF85-51AC-409C-B861-2B8839501B2F}.Release|Any CPU.Build.0 = Release|Any CPU
		{F686FDB3-5C69-4751-B379-4D747BB412EA}.Debug|Any CPU.ActiveCfg = Debug|Any CPU
		{F686FDB3-5C69-4751-B379-4D747BB412EA}.Debug|Any CPU.Build.0 = Debug|Any CPU
		{F686FDB3-5C69-4751-B379-4D747BB412EA}.Release|Any CPU.ActiveCfg = Release|Any CPU
		{F686FDB3-5C69-4751-B379-4D747BB412EA}.Release|Any CPU.Build.0 = Release|Any CPU
		{75EE6953-A193-4502-BA45-4956090B151D}.Debug|Any CPU.ActiveCfg = Debug|Any CPU
		{75EE6953-A193-4502-BA45-4956090B151D}.Debug|Any CPU.Build.0 = Debug|Any CPU
		{75EE6953-A193-4502-BA45-4956090B151D}.Release|Any CPU.ActiveCfg = Release|Any CPU
		{75EE6953-A193-4502-BA45-4956090B151D}.Release|Any CPU.Build.0 = Release|Any CPU
		{851C2C5C-D0D2-461D-9C7A-678D3808CE00}.Debug|Any CPU.ActiveCfg = Debug|Any CPU
		{851C2C5C-D0D2-461D-9C7A-678D3808CE00}.Debug|Any CPU.Build.0 = Debug|Any CPU
		{851C2C5C-D0D2-461D-9C7A-678D3808CE00}.Release|Any CPU.ActiveCfg = Release|Any CPU
		{851C2C5C-D0D2-461D-9C7A-678D3808CE00}.Release|Any CPU.Build.0 = Release|Any CPU
		{EBDF09F6-CCF7-4184-A906-E6FD2F319F67}.Debug|Any CPU.ActiveCfg = Debug|Any CPU
		{EBDF09F6-CCF7-4184-A906-E6FD2F319F67}.Debug|Any CPU.Build.0 = Debug|Any CPU
		{EBDF09F6-CCF7-4184-A906-E6FD2F319F67}.Release|Any CPU.ActiveCfg = Release|Any CPU
		{EBDF09F6-CCF7-4184-A906-E6FD2F319F67}.Release|Any CPU.Build.0 = Release|Any CPU
		{D142C72F-2214-4FE3-B0AF-DE2679348E82}.Debug|Any CPU.ActiveCfg = Debug|Any CPU
		{D142C72F-2214-4FE3-B0AF-DE2679348E82}.Debug|Any CPU.Build.0 = Debug|Any CPU
		{D142C72F-2214-4FE3-B0AF-DE2679348E82}.Release|Any CPU.ActiveCfg = Release|Any CPU
		{D142C72F-2214-4FE3-B0AF-DE2679348E82}.Release|Any CPU.Build.0 = Release|Any CPU
	EndGlobalSection
	GlobalSection(SolutionProperties) = preSolution
		HideSolutionNode = FALSE
	EndGlobalSection
	GlobalSection(ExtensibilityGlobals) = postSolution
		SolutionGuid = {3E7A7357-7410-4B0D-8EC9-D7C1FD306D07}
	EndGlobalSection
EndGlobal
