
Microsoft Visual Studio Solution File, Format Version 12.00
# Visual Studio Version 16
VisualStudioVersion = 16.0.31410.357
MinimumVisualStudioVersion = 10.0.40219.1
Project("{9A19103F-16F7-4668-BE54-9A1E7A4F7556}") = "Interface", "Interface\Interface.csproj", "{EA108EDE-D415-40CE-BB4B-FB68ADE5C763}"
EndProject
Project("{9A19103F-16F7-4668-BE54-9A1E7A4F7556}") = "Common", "Common\Common.csproj", "{6B6527AC-1406-4DDA-A427-E173A6B51529}"
EndProject
Project("{9A19103F-16F7-4668-BE54-9A1E7A4F7556}") = "Domain", "Domain\Domain.csproj", "{5005FB27-9245-4A8A-B359-F49F099C04BE}"
EndProject
Project("{9A19103F-16F7-4668-BE54-9A1E7A4F7556}") = "Infraestructure", "Infraestructure\Infraestructure.csproj", "{3B90B280-164B-4651-97F1-DD1BFA805EA4}"
EndProject
Project("{9A19103F-16F7-4668-BE54-9A1E7A4F7556}") = "Service", "Service\Service.csproj", "{544AF979-B5D0-43F2-8627-44630B9180D0}"
EndProject
Global
	GlobalSection(SolutionConfigurationPlatforms) = preSolution
		Debug|Any CPU = Debug|Any CPU
		Release|Any CPU = Release|Any CPU
	EndGlobalSection
	GlobalSection(ProjectConfigurationPlatforms) = postSolution
		{EA108EDE-D415-40CE-BB4B-FB68ADE5C763}.Debug|Any CPU.ActiveCfg = Debug|Any CPU
		{EA108EDE-D415-40CE-BB4B-FB68ADE5C763}.Debug|Any CPU.Build.0 = Debug|Any CPU
		{EA108EDE-D415-40CE-BB4B-FB68ADE5C763}.Release|Any CPU.ActiveCfg = Release|Any CPU
		{EA108EDE-D415-40CE-BB4B-FB68ADE5C763}.Release|Any CPU.Build.0 = Release|Any CPU
		{6B6527AC-1406-4DDA-A427-E173A6B51529}.Debug|Any CPU.ActiveCfg = Debug|Any CPU
		{6B6527AC-1406-4DDA-A427-E173A6B51529}.Debug|Any CPU.Build.0 = Debug|Any CPU
		{6B6527AC-1406-4DDA-A427-E173A6B51529}.Release|Any CPU.ActiveCfg = Release|Any CPU
		{6B6527AC-1406-4DDA-A427-E173A6B51529}.Release|Any CPU.Build.0 = Release|Any CPU
		{5005FB27-9245-4A8A-B359-F49F099C04BE}.Debug|Any CPU.ActiveCfg = Debug|Any CPU
		{5005FB27-9245-4A8A-B359-F49F099C04BE}.Debug|Any CPU.Build.0 = Debug|Any CPU
		{5005FB27-9245-4A8A-B359-F49F099C04BE}.Release|Any CPU.ActiveCfg = Release|Any CPU
		{5005FB27-9245-4A8A-B359-F49F099C04BE}.Release|Any CPU.Build.0 = Release|Any CPU
		{3B90B280-164B-4651-97F1-DD1BFA805EA4}.Debug|Any CPU.ActiveCfg = Debug|Any CPU
		{3B90B280-164B-4651-97F1-DD1BFA805EA4}.Debug|Any CPU.Build.0 = Debug|Any CPU
		{3B90B280-164B-4651-97F1-DD1BFA805EA4}.Release|Any CPU.ActiveCfg = Release|Any CPU
		{3B90B280-164B-4651-97F1-DD1BFA805EA4}.Release|Any CPU.Build.0 = Release|Any CPU
		{544AF979-B5D0-43F2-8627-44630B9180D0}.Debug|Any CPU.ActiveCfg = Debug|Any CPU
		{544AF979-B5D0-43F2-8627-44630B9180D0}.Debug|Any CPU.Build.0 = Debug|Any CPU
		{544AF979-B5D0-43F2-8627-44630B9180D0}.Release|Any CPU.ActiveCfg = Release|Any CPU
		{544AF979-B5D0-43F2-8627-44630B9180D0}.Release|Any CPU.Build.0 = Release|Any CPU
	EndGlobalSection
	GlobalSection(SolutionProperties) = preSolution
		HideSolutionNode = FALSE
	EndGlobalSection
	GlobalSection(ExtensibilityGlobals) = postSolution
		SolutionGuid = {8D72171D-BA38-478E-8578-B2B50A9C5B5D}
	EndGlobalSection
EndGlobal
