
Microsoft Visual Studio Solution File, Format Version 12.00
# Visual Studio Version 16
VisualStudioVersion = 16.0.31410.357
MinimumVisualStudioVersion = 10.0.40219.1
Project("{FAE04EC0-301F-11D3-BF4B-00C04F79EFBC}") = "Application", "Application\Application.csproj", "{A75E8E51-1D2D-4386-A0FB-C3AC2FA90499}"
EndProject
Project("{FAE04EC0-301F-11D3-BF4B-00C04F79EFBC}") = "Domain", "Domain\Domain.csproj", "{C8A7A232-E850-464A-89C8-0735FAFD4BA4}"
EndProject
Project("{FAE04EC0-301F-11D3-BF4B-00C04F79EFBC}") = "Repository", "Repository\Repository.csproj", "{E6CC7083-BBA9-4050-994A-0471FAD65806}"
EndProject
Project("{FAE04EC0-301F-11D3-BF4B-00C04F79EFBC}") = "Dev2b-API", "Dev2b-API\Dev2b-API.csproj", "{85490DA8-354D-41AF-9FFA-C9DE176D3E18}"
EndProject
Global
	GlobalSection(SolutionConfigurationPlatforms) = preSolution
		Debug|Any CPU = Debug|Any CPU
		Release|Any CPU = Release|Any CPU
	EndGlobalSection
	GlobalSection(ProjectConfigurationPlatforms) = postSolution
		{A75E8E51-1D2D-4386-A0FB-C3AC2FA90499}.Debug|Any CPU.ActiveCfg = Debug|Any CPU
		{A75E8E51-1D2D-4386-A0FB-C3AC2FA90499}.Debug|Any CPU.Build.0 = Debug|Any CPU
		{A75E8E51-1D2D-4386-A0FB-C3AC2FA90499}.Release|Any CPU.ActiveCfg = Release|Any CPU
		{A75E8E51-1D2D-4386-A0FB-C3AC2FA90499}.Release|Any CPU.Build.0 = Release|Any CPU
		{C8A7A232-E850-464A-89C8-0735FAFD4BA4}.Debug|Any CPU.ActiveCfg = Debug|Any CPU
		{C8A7A232-E850-464A-89C8-0735FAFD4BA4}.Debug|Any CPU.Build.0 = Debug|Any CPU
		{C8A7A232-E850-464A-89C8-0735FAFD4BA4}.Release|Any CPU.ActiveCfg = Release|Any CPU
		{C8A7A232-E850-464A-89C8-0735FAFD4BA4}.Release|Any CPU.Build.0 = Release|Any CPU
		{E6CC7083-BBA9-4050-994A-0471FAD65806}.Debug|Any CPU.ActiveCfg = Debug|Any CPU
		{E6CC7083-BBA9-4050-994A-0471FAD65806}.Debug|Any CPU.Build.0 = Debug|Any CPU
		{E6CC7083-BBA9-4050-994A-0471FAD65806}.Release|Any CPU.ActiveCfg = Release|Any CPU
		{E6CC7083-BBA9-4050-994A-0471FAD65806}.Release|Any CPU.Build.0 = Release|Any CPU
		{85490DA8-354D-41AF-9FFA-C9DE176D3E18}.Debug|Any CPU.ActiveCfg = Debug|Any CPU
		{85490DA8-354D-41AF-9FFA-C9DE176D3E18}.Debug|Any CPU.Build.0 = Debug|Any CPU
		{85490DA8-354D-41AF-9FFA-C9DE176D3E18}.Release|Any CPU.ActiveCfg = Release|Any CPU
		{85490DA8-354D-41AF-9FFA-C9DE176D3E18}.Release|Any CPU.Build.0 = Release|Any CPU
	EndGlobalSection
	GlobalSection(SolutionProperties) = preSolution
		HideSolutionNode = FALSE
	EndGlobalSection
	GlobalSection(ExtensibilityGlobals) = postSolution
		SolutionGuid = {B578A04D-E36F-4770-978C-062A70A68171}
	EndGlobalSection
EndGlobal
