
Microsoft Visual Studio Solution File, Format Version 12.00
# Visual Studio Version 16
VisualStudioVersion = 16.0.31410.357
MinimumVisualStudioVersion = 10.0.40219.1
Project("{FAE04EC0-301F-11D3-BF4B-00C04F79EFBC}") = "ex3", "ex3\ex3.csproj", "{958445E0-FA0B-429A-A943-8FBD58C7A9C9}"
EndProject
Global
	GlobalSection(SolutionConfigurationPlatforms) = preSolution
		Debug|Any CPU = Debug|Any CPU
		Release|Any CPU = Release|Any CPU
	EndGlobalSection
	GlobalSection(ProjectConfigurationPlatforms) = postSolution
		{958445E0-FA0B-429A-A943-8FBD58C7A9C9}.Debug|Any CPU.ActiveCfg = Debug|Any CPU
		{958445E0-FA0B-429A-A943-8FBD58C7A9C9}.Debug|Any CPU.Build.0 = Debug|Any CPU
		{958445E0-FA0B-429A-A943-8FBD58C7A9C9}.Release|Any CPU.ActiveCfg = Release|Any CPU
		{958445E0-FA0B-429A-A943-8FBD58C7A9C9}.Release|Any CPU.Build.0 = Release|Any CPU
	EndGlobalSection
	GlobalSection(SolutionProperties) = preSolution
		HideSolutionNode = FALSE
	EndGlobalSection
	GlobalSection(ExtensibilityGlobals) = postSolution
		SolutionGuid = {CB5F1F15-110D-4B18-96B3-ADCE1D785D7C}
	EndGlobalSection
EndGlobal
