
Microsoft Visual Studio Solution File, Format Version 12.00
# Visual Studio Version 16
VisualStudioVersion = 16.0.30523.141
MinimumVisualStudioVersion = 10.0.40219.1
Project("{FAE04EC0-301F-11D3-BF4B-00C04F79EFBC}") = "Interface", "ExercicioApi\Interface.csproj", "{4DD0F8B3-2F74-4174-9A83-9D8B57BCC037}"
EndProject
Project("{FAE04EC0-301F-11D3-BF4B-00C04F79EFBC}") = "Common", "Common\Common.csproj", "{0C1A1FCC-624D-4224-A1BC-AB8ADF19CEEB}"
EndProject
Project("{FAE04EC0-301F-11D3-BF4B-00C04F79EFBC}") = "Domain", "Domai\Domain.csproj", "{CBE05262-9F66-4709-ADEE-0B839CC66414}"
EndProject
Project("{FAE04EC0-301F-11D3-BF4B-00C04F79EFBC}") = "Infrastructure", "Infrastructure\Infrastructure.csproj", "{51869FD4-5A11-430F-86DC-D63DBC8B7260}"
EndProject
Project("{FAE04EC0-301F-11D3-BF4B-00C04F79EFBC}") = "Service", "Service\Service.csproj", "{62AB88B2-D334-4830-BA57-B0BA5EEFFEA2}"
EndProject
Global
	GlobalSection(SolutionConfigurationPlatforms) = preSolution
		Debug|Any CPU = Debug|Any CPU
		Release|Any CPU = Release|Any CPU
	EndGlobalSection
	GlobalSection(ProjectConfigurationPlatforms) = postSolution
		{4DD0F8B3-2F74-4174-9A83-9D8B57BCC037}.Debug|Any CPU.ActiveCfg = Debug|Any CPU
		{4DD0F8B3-2F74-4174-9A83-9D8B57BCC037}.Debug|Any CPU.Build.0 = Debug|Any CPU
		{4DD0F8B3-2F74-4174-9A83-9D8B57BCC037}.Release|Any CPU.ActiveCfg = Release|Any CPU
		{4DD0F8B3-2F74-4174-9A83-9D8B57BCC037}.Release|Any CPU.Build.0 = Release|Any CPU
		{0C1A1FCC-624D-4224-A1BC-AB8ADF19CEEB}.Debug|Any CPU.ActiveCfg = Debug|Any CPU
		{0C1A1FCC-624D-4224-A1BC-AB8ADF19CEEB}.Debug|Any CPU.Build.0 = Debug|Any CPU
		{0C1A1FCC-624D-4224-A1BC-AB8ADF19CEEB}.Release|Any CPU.ActiveCfg = Release|Any CPU
		{0C1A1FCC-624D-4224-A1BC-AB8ADF19CEEB}.Release|Any CPU.Build.0 = Release|Any CPU
		{CBE05262-9F66-4709-ADEE-0B839CC66414}.Debug|Any CPU.ActiveCfg = Debug|Any CPU
		{CBE05262-9F66-4709-ADEE-0B839CC66414}.Debug|Any CPU.Build.0 = Debug|Any CPU
		{CBE05262-9F66-4709-ADEE-0B839CC66414}.Release|Any CPU.ActiveCfg = Release|Any CPU
		{CBE05262-9F66-4709-ADEE-0B839CC66414}.Release|Any CPU.Build.0 = Release|Any CPU
		{51869FD4-5A11-430F-86DC-D63DBC8B7260}.Debug|Any CPU.ActiveCfg = Debug|Any CPU
		{51869FD4-5A11-430F-86DC-D63DBC8B7260}.Debug|Any CPU.Build.0 = Debug|Any CPU
		{51869FD4-5A11-430F-86DC-D63DBC8B7260}.Release|Any CPU.ActiveCfg = Release|Any CPU
		{51869FD4-5A11-430F-86DC-D63DBC8B7260}.Release|Any CPU.Build.0 = Release|Any CPU
		{62AB88B2-D334-4830-BA57-B0BA5EEFFEA2}.Debug|Any CPU.ActiveCfg = Debug|Any CPU
		{62AB88B2-D334-4830-BA57-B0BA5EEFFEA2}.Debug|Any CPU.Build.0 = Debug|Any CPU
		{62AB88B2-D334-4830-BA57-B0BA5EEFFEA2}.Release|Any CPU.ActiveCfg = Release|Any CPU
		{62AB88B2-D334-4830-BA57-B0BA5EEFFEA2}.Release|Any CPU.Build.0 = Release|Any CPU
	EndGlobalSection
	GlobalSection(SolutionProperties) = preSolution
		HideSolutionNode = FALSE
	EndGlobalSection
	GlobalSection(ExtensibilityGlobals) = postSolution
		SolutionGuid = {377A487C-F95C-42FF-8776-09717E2C3BA2}
	EndGlobalSection
EndGlobal
