
Microsoft Visual Studio Solution File, Format Version 12.00
# Visual Studio Version 16
VisualStudioVersion = 16.0.31410.357
MinimumVisualStudioVersion = 10.0.40219.1
Project("{FAE04EC0-301F-11D3-BF4B-00C04F79EFBC}") = "Exercicios", "Exercicios\Exercicios.csproj", "{FDBC6F55-AA6C-46E4-851A-0FCB970B7E94}"
EndProject
Global
	GlobalSection(SolutionConfigurationPlatforms) = preSolution
		Debug|Any CPU = Debug|Any CPU
		Release|Any CPU = Release|Any CPU
	EndGlobalSection
	GlobalSection(ProjectConfigurationPlatforms) = postSolution
		{FDBC6F55-AA6C-46E4-851A-0FCB970B7E94}.Debug|Any CPU.ActiveCfg = Debug|Any CPU
		{FDBC6F55-AA6C-46E4-851A-0FCB970B7E94}.Debug|Any CPU.Build.0 = Debug|Any CPU
		{FDBC6F55-AA6C-46E4-851A-0FCB970B7E94}.Release|Any CPU.ActiveCfg = Release|Any CPU
		{FDBC6F55-AA6C-46E4-851A-0FCB970B7E94}.Release|Any CPU.Build.0 = Release|Any CPU
	EndGlobalSection
	GlobalSection(SolutionProperties) = preSolution
		HideSolutionNode = FALSE
	EndGlobalSection
	GlobalSection(ExtensibilityGlobals) = postSolution
		SolutionGuid = {5ED9B06B-E913-4CA5-98FD-CC5F173EA66F}
	EndGlobalSection
EndGlobal
