
Microsoft Visual Studio Solution File, Format Version 12.00
# Visual Studio Version 16
VisualStudioVersion = 16.0.31410.357
MinimumVisualStudioVersion = 10.0.40219.1
Project("{FAE04EC0-301F-11D3-BF4B-00C04F79EFBC}") = "Interface", "Aula02-API\Interface.csproj", "{157937DE-302B-4302-8C00-8E19745E7809}"
EndProject
Project("{FAE04EC0-301F-11D3-BF4B-00C04F79EFBC}") = "Service", "Service\Service.csproj", "{BDCBAE31-731C-4ACB-BC9D-C0A8147694B7}"
EndProject
Project("{FAE04EC0-301F-11D3-BF4B-00C04F79EFBC}") = "Domain", "Domain\Domain.csproj", "{E2E606BF-6F8E-4B49-ADFC-84562C1B0388}"
EndProject
Project("{FAE04EC0-301F-11D3-BF4B-00C04F79EFBC}") = "Infrastructure", "Infrastructure\Infrastructure.csproj", "{66AB2EBC-B0CB-4A71-B517-C6445DE93BBA}"
EndProject
Project("{FAE04EC0-301F-11D3-BF4B-00C04F79EFBC}") = "Common", "Common\Common.csproj", "{CE505DF4-265A-4A79-B991-AF4C22429AFB}"
EndProject
Global
	GlobalSection(SolutionConfigurationPlatforms) = preSolution
		Debug|Any CPU = Debug|Any CPU
		Release|Any CPU = Release|Any CPU
	EndGlobalSection
	GlobalSection(ProjectConfigurationPlatforms) = postSolution
		{157937DE-302B-4302-8C00-8E19745E7809}.Debug|Any CPU.ActiveCfg = Debug|Any CPU
		{157937DE-302B-4302-8C00-8E19745E7809}.Debug|Any CPU.Build.0 = Debug|Any CPU
		{157937DE-302B-4302-8C00-8E19745E7809}.Release|Any CPU.ActiveCfg = Release|Any CPU
		{157937DE-302B-4302-8C00-8E19745E7809}.Release|Any CPU.Build.0 = Release|Any CPU
		{BDCBAE31-731C-4ACB-BC9D-C0A8147694B7}.Debug|Any CPU.ActiveCfg = Debug|Any CPU
		{BDCBAE31-731C-4ACB-BC9D-C0A8147694B7}.Debug|Any CPU.Build.0 = Debug|Any CPU
		{BDCBAE31-731C-4ACB-BC9D-C0A8147694B7}.Release|Any CPU.ActiveCfg = Release|Any CPU
		{BDCBAE31-731C-4ACB-BC9D-C0A8147694B7}.Release|Any CPU.Build.0 = Release|Any CPU
		{E2E606BF-6F8E-4B49-ADFC-84562C1B0388}.Debug|Any CPU.ActiveCfg = Debug|Any CPU
		{E2E606BF-6F8E-4B49-ADFC-84562C1B0388}.Debug|Any CPU.Build.0 = Debug|Any CPU
		{E2E606BF-6F8E-4B49-ADFC-84562C1B0388}.Release|Any CPU.ActiveCfg = Release|Any CPU
		{E2E606BF-6F8E-4B49-ADFC-84562C1B0388}.Release|Any CPU.Build.0 = Release|Any CPU
		{66AB2EBC-B0CB-4A71-B517-C6445DE93BBA}.Debug|Any CPU.ActiveCfg = Debug|Any CPU
		{66AB2EBC-B0CB-4A71-B517-C6445DE93BBA}.Debug|Any CPU.Build.0 = Debug|Any CPU
		{66AB2EBC-B0CB-4A71-B517-C6445DE93BBA}.Release|Any CPU.ActiveCfg = Release|Any CPU
		{66AB2EBC-B0CB-4A71-B517-C6445DE93BBA}.Release|Any CPU.Build.0 = Release|Any CPU
		{CE505DF4-265A-4A79-B991-AF4C22429AFB}.Debug|Any CPU.ActiveCfg = Debug|Any CPU
		{CE505DF4-265A-4A79-B991-AF4C22429AFB}.Debug|Any CPU.Build.0 = Debug|Any CPU
		{CE505DF4-265A-4A79-B991-AF4C22429AFB}.Release|Any CPU.ActiveCfg = Release|Any CPU
		{CE505DF4-265A-4A79-B991-AF4C22429AFB}.Release|Any CPU.Build.0 = Release|Any CPU
	EndGlobalSection
	GlobalSection(SolutionProperties) = preSolution
		HideSolutionNode = FALSE
	EndGlobalSection
	GlobalSection(ExtensibilityGlobals) = postSolution
		SolutionGuid = {04E3A8F9-CDD4-43A0-B4A0-A82D12D70449}
	EndGlobalSection
EndGlobal
