
Microsoft Visual Studio Solution File, Format Version 12.00
# Visual Studio Version 16
VisualStudioVersion = 16.0.31410.357
MinimumVisualStudioVersion = 10.0.40219.1
Project("{FAE04EC0-301F-11D3-BF4B-00C04F79EFBC}") = "Exercicio_4_OOP", "Exercicio_4_OOP\Exercicio_4_OOP.csproj", "{47E9D864-2E75-4CCF-9B24-AAEF49A48577}"
EndProject
Project("{FAE04EC0-301F-11D3-BF4B-00C04F79EFBC}") = "Escola", "Escola\Escola.csproj", "{D5629A60-B717-4394-905C-1A129E1F2B85}"
EndProject
Global
	GlobalSection(SolutionConfigurationPlatforms) = preSolution
		Debug|Any CPU = Debug|Any CPU
		Release|Any CPU = Release|Any CPU
	EndGlobalSection
	GlobalSection(ProjectConfigurationPlatforms) = postSolution
		{47E9D864-2E75-4CCF-9B24-AAEF49A48577}.Debug|Any CPU.ActiveCfg = Debug|Any CPU
		{47E9D864-2E75-4CCF-9B24-AAEF49A48577}.Debug|Any CPU.Build.0 = Debug|Any CPU
		{47E9D864-2E75-4CCF-9B24-AAEF49A48577}.Release|Any CPU.ActiveCfg = Release|Any CPU
		{47E9D864-2E75-4CCF-9B24-AAEF49A48577}.Release|Any CPU.Build.0 = Release|Any CPU
		{D5629A60-B717-4394-905C-1A129E1F2B85}.Debug|Any CPU.ActiveCfg = Debug|Any CPU
		{D5629A60-B717-4394-905C-1A129E1F2B85}.Debug|Any CPU.Build.0 = Debug|Any CPU
		{D5629A60-B717-4394-905C-1A129E1F2B85}.Release|Any CPU.ActiveCfg = Release|Any CPU
		{D5629A60-B717-4394-905C-1A129E1F2B85}.Release|Any CPU.Build.0 = Release|Any CPU
	EndGlobalSection
	GlobalSection(SolutionProperties) = preSolution
		HideSolutionNode = FALSE
	EndGlobalSection
	GlobalSection(ExtensibilityGlobals) = postSolution
		SolutionGuid = {74A91C45-AA9B-4336-BA4B-F2BC0A2B7DB5}
	EndGlobalSection
EndGlobal
